
Microsoft Visual Studio Solution File, Format Version 12.00
# Visual Studio Version 16
VisualStudioVersion = 16.0.29806.167
MinimumVisualStudioVersion = 10.0.40219.1
Project("{FAE04EC0-301F-11D3-BF4B-00C04F79EFBC}") = "Collection tutorial", "Collection tutorial\Collection tutorial.csproj", "{BE1474C0-FAF7-44E3-91B1-2D12790F9CB1}"
EndProject
Global
	GlobalSection(SolutionConfigurationPlatforms) = preSolution
		Debug|Any CPU = Debug|Any CPU
		Release|Any CPU = Release|Any CPU
	EndGlobalSection
	GlobalSection(ProjectConfigurationPlatforms) = postSolution
		{BE1474C0-FAF7-44E3-91B1-2D12790F9CB1}.Debug|Any CPU.ActiveCfg = Debug|Any CPU
		{BE1474C0-FAF7-44E3-91B1-2D12790F9CB1}.Debug|Any CPU.Build.0 = Debug|Any CPU
		{BE1474C0-FAF7-44E3-91B1-2D12790F9CB1}.Release|Any CPU.ActiveCfg = Release|Any CPU
		{BE1474C0-FAF7-44E3-91B1-2D12790F9CB1}.Release|Any CPU.Build.0 = Release|Any CPU
	EndGlobalSection
	GlobalSection(SolutionProperties) = preSolution
		HideSolutionNode = FALSE
	EndGlobalSection
	GlobalSection(ExtensibilityGlobals) = postSolution
		SolutionGuid = {66D90097-7256-497A-9766-856288B99BB5}
	EndGlobalSection
EndGlobal
