
Microsoft Visual Studio Solution File, Format Version 12.00
# Visual Studio Version 16
VisualStudioVersion = 16.0.29613.14
MinimumVisualStudioVersion = 10.0.40219.1
Project("{FAE04EC0-301F-11D3-BF4B-00C04F79EFBC}") = "GitHubFrameworkTutorial", "GitHubFrameworkTutorial\GitHubFrameworkTutorial.csproj", "{091901F6-D000-4AB1-B369-E89EC7FE9D99}"
EndProject
Global
	GlobalSection(SolutionConfigurationPlatforms) = preSolution
		Debug|Any CPU = Debug|Any CPU
		Release|Any CPU = Release|Any CPU
	EndGlobalSection
	GlobalSection(ProjectConfigurationPlatforms) = postSolution
		{091901F6-D000-4AB1-B369-E89EC7FE9D99}.Debug|Any CPU.ActiveCfg = Debug|Any CPU
		{091901F6-D000-4AB1-B369-E89EC7FE9D99}.Debug|Any CPU.Build.0 = Debug|Any CPU
		{091901F6-D000-4AB1-B369-E89EC7FE9D99}.Release|Any CPU.ActiveCfg = Release|Any CPU
		{091901F6-D000-4AB1-B369-E89EC7FE9D99}.Release|Any CPU.Build.0 = Release|Any CPU
	EndGlobalSection
	GlobalSection(SolutionProperties) = preSolution
		HideSolutionNode = FALSE
	EndGlobalSection
	GlobalSection(ExtensibilityGlobals) = postSolution
		SolutionGuid = {46E638BF-CEF7-4FF3-9092-DC3C304D618C}
	EndGlobalSection
EndGlobal
